# THIS IS AN AUTOGENERATED FILE. DO NOT EDIT THIS FILE DIRECTLY.
# yarn lockfile v1


babel-runtime@^6.23.0, babel-runtime@^6.25.0, babel-runtime@^6.26.0:
  version "6.26.0"
  resolved "https://registry.yarnpkg.com/babel-runtime/-/babel-runtime-6.26.0.tgz#965c7058668e82b55d7bfe04ff2337bc8b5647fe"
  dependencies:
    core-js "^2.4.0"
    regenerator-runtime "^0.11.0"

blon@^0.4.0:
  version "0.4.0"
  resolved "https://registry.yarnpkg.com/blon/-/blon-0.4.0.tgz#568cbf3c10d579bf09dcffc0b785185d5c8d9e07"
  dependencies:
    babel-runtime "^6.25.0"
    ehm "^0.21.0"
    harden "^0.23.0"

bse@^0.0.0:
  version "0.0.0"
  resolved "https://registry.yarnpkg.com/bse/-/bse-0.0.0.tgz#46ade22706da25a2c0afd2de8fe8d5797642a035"
  dependencies:
    babel-runtime "^6.25.0"
    falzy "^0.23.0"

cemento@^0.17.0:
  version "0.17.0"
  resolved "https://registry.yarnpkg.com/cemento/-/cemento-0.17.0.tgz#1518e17497e3cf1c46e4c13d1a25a3fc08768691"
  dependencies:
    babel-runtime "^6.23.0"
    harden "^0.23.0"
    kount "^0.12.0"

core-js@^2.4.0:
  version "2.5.0"
  resolved "https://registry.yarnpkg.com/core-js/-/core-js-2.5.0.tgz#569c050918be6486b3837552028ae0466b717086"

ehm@^0.21.0:
  version "0.21.0"
  resolved "https://registry.yarnpkg.com/ehm/-/ehm-0.21.0.tgz#2c7dd0d55355a48fe9f4a7327915bed00d19e781"
  dependencies:
    babel-runtime "^6.25.0"
    harden "^0.23.0"
    sxty4 "^0.11.0"

falzy@^0.23.0:
  version "0.23.0"
  resolved "https://registry.yarnpkg.com/falzy/-/falzy-0.23.0.tgz#fec52a7df6e80adaf47bb89d47ca5a714566b664"
  dependencies:
    babel-runtime "^6.23.0"

fno@^0.5.0:
  version "0.5.0"
  resolved "https://registry.yarnpkg.com/fno/-/fno-0.5.0.tgz#ed9796cbd6c5fde06e353efc457b37402755b971"
  dependencies:
    babel-runtime "^6.25.0"
    ehm "^0.21.0"
    harden "^0.23.0"

glyo@^0.6.0:
  version "0.6.0"
  resolved "https://registry.yarnpkg.com/glyo/-/glyo-0.6.0.tgz#dd3276167805847e0db4bbb3bd4ab028f3cdce18"
  dependencies:
    babel-runtime "^6.25.0"
    ehm "^0.21.0"
    harden "^0.23.0"

harden@^0.23.0:
  version "0.23.0"
  resolved "https://registry.yarnpkg.com/harden/-/harden-0.23.0.tgz#cfe6aaa2f30ad4b27d87fb3fe4a4090fca880b33"
  dependencies:
    babel-runtime "^6.23.0"

kount@^0.12.0:
  version "0.12.0"
  resolved "https://registry.yarnpkg.com/kount/-/kount-0.12.0.tgz#bc68c0c931b171383d846ede48e20c478af6a58d"
  dependencies:
    babel-runtime "^6.23.0"

ndfo@^0.8.0:
  version "0.8.0"
  resolved "https://registry.yarnpkg.com/ndfo/-/ndfo-0.8.0.tgz#d3881610cedc8459ed51b9945e91d8e915bfbc14"
  dependencies:
    babel-runtime "^6.25.0"
    ehm "^0.21.0"
    harden "^0.23.0"

nol@^0.10.0:
  version "0.10.0"
  resolved "https://registry.yarnpkg.com/nol/-/nol-0.10.0.tgz#bb9b21f1843a00dde04edecf4e07e875d472633a"
  dependencies:
    babel-runtime "^6.25.0"
    ehm "^0.21.0"
    harden "^0.23.0"

numo@^0.3.0:
  version "0.3.0"
  resolved "https://registry.yarnpkg.com/numo/-/numo-0.3.0.tgz#846f4abdeac7052fe13a440431962d3ceaacd468"
  dependencies:
    babel-runtime "^6.25.0"
    ehm "^0.21.0"
    harden "^0.23.0"

objo@^0.1.0:
  version "0.1.0"
  resolved "https://registry.yarnpkg.com/objo/-/objo-0.1.0.tgz#cda8d080fc9cab4abc88953bc9f33c2713ee1671"
  dependencies:
    babel-runtime "^6.25.0"
    blon "^0.4.0"
    ehm "^0.21.0"
    fno "^0.5.0"
    glyo "^0.6.0"
    harden "^0.23.0"
    ndfo "^0.8.0"
    nol "^0.10.0"
    numo "^0.3.0"
    stro "^0.4.0"
    sxty4 "^0.11.0"

protype@^0.24.0:
  version "0.24.0"
  resolved "https://registry.yarnpkg.com/protype/-/protype-0.24.0.tgz#e30a9862ac768b66b9d0be57be88a4066a1697f1"
  dependencies:
    babel-runtime "^6.23.0"
    cemento "^0.17.0"
    harden "^0.23.0"

regenerator-runtime@^0.11.0:
  version "0.11.0"
  resolved "https://registry.yarnpkg.com/regenerator-runtime/-/regenerator-runtime-0.11.0.tgz#7e54fe5b5ccd5d6624ea6255c3473be090b802e1"

stro@^0.4.0:
  version "0.4.0"
  resolved "https://registry.yarnpkg.com/stro/-/stro-0.4.0.tgz#6e667ea88625c5b4148f9ba7e969e3f699e51feb"
  dependencies:
    babel-runtime "^6.25.0"
    ehm "^0.21.0"
    harden "^0.23.0"

sxty4@^0.11.0:
  version "0.11.0"
  resolved "https://registry.yarnpkg.com/sxty4/-/sxty4-0.11.0.tgz#84eebb12c76c306a1a1813651c042442b9affa81"
  dependencies:
    babel-runtime "^6.25.0"
    bse "^0.0.0"
    falzy "^0.23.0"
    harden "^0.23.0"
